
Microsoft Visual Studio Solution File, Format Version 12.00
# Visual Studio 15
VisualStudioVersion = 15.0.28010.2046
MinimumVisualStudioVersion = 10.0.40219.1
Project("{FAE04EC0-301F-11D3-BF4B-00C04F79EFBC}") = "Zad1", "Zad1\Zad1.csproj", "{D9041688-D928-4B54-8075-D8E78DDB118D}"
EndProject
Project("{FAE04EC0-301F-11D3-BF4B-00C04F79EFBC}") = "Dodawanie", "Dodawanie\Dodawanie.csproj", "{C4E7B018-E66B-4568-BDF4-8742507E3AF0}"
EndProject
Project("{FAE04EC0-301F-11D3-BF4B-00C04F79EFBC}") = "Odejmowanie", "Odejmowanie\Odejmowanie.csproj", "{BD10D311-F0EF-469E-8169-31BC61A8C49F}"
EndProject
Project("{FAE04EC0-301F-11D3-BF4B-00C04F79EFBC}") = "Mnozenie", "Mnozenie\Mnozenie.csproj", "{6B5A9340-B050-4787-93F4-007BB793900E}"
EndProject
Project("{FAE04EC0-301F-11D3-BF4B-00C04F79EFBC}") = "Dzielenie", "Dzielenie\Dzielenie.csproj", "{D8269E29-D280-4DDF-B409-128F095D884E}"
EndProject
Project("{FAE04EC0-301F-11D3-BF4B-00C04F79EFBC}") = "Potegowanie", "Potegowanie\Potegowanie.csproj", "{196D5D59-A9E2-4A26-8BD8-C5B1905E9B8D}"
EndProject
Global
	GlobalSection(SolutionConfigurationPlatforms) = preSolution
		Debug|Any CPU = Debug|Any CPU
		Release|Any CPU = Release|Any CPU
	EndGlobalSection
	GlobalSection(ProjectConfigurationPlatforms) = postSolution
		{D9041688-D928-4B54-8075-D8E78DDB118D}.Debug|Any CPU.ActiveCfg = Debug|Any CPU
		{D9041688-D928-4B54-8075-D8E78DDB118D}.Debug|Any CPU.Build.0 = Debug|Any CPU
		{D9041688-D928-4B54-8075-D8E78DDB118D}.Release|Any CPU.ActiveCfg = Release|Any CPU
		{D9041688-D928-4B54-8075-D8E78DDB118D}.Release|Any CPU.Build.0 = Release|Any CPU
		{C4E7B018-E66B-4568-BDF4-8742507E3AF0}.Debug|Any CPU.ActiveCfg = Debug|Any CPU
		{C4E7B018-E66B-4568-BDF4-8742507E3AF0}.Debug|Any CPU.Build.0 = Debug|Any CPU
		{C4E7B018-E66B-4568-BDF4-8742507E3AF0}.Release|Any CPU.ActiveCfg = Release|Any CPU
		{C4E7B018-E66B-4568-BDF4-8742507E3AF0}.Release|Any CPU.Build.0 = Release|Any CPU
		{BD10D311-F0EF-469E-8169-31BC61A8C49F}.Debug|Any CPU.ActiveCfg = Debug|Any CPU
		{BD10D311-F0EF-469E-8169-31BC61A8C49F}.Debug|Any CPU.Build.0 = Debug|Any CPU
		{BD10D311-F0EF-469E-8169-31BC61A8C49F}.Release|Any CPU.ActiveCfg = Release|Any CPU
		{BD10D311-F0EF-469E-8169-31BC61A8C49F}.Release|Any CPU.Build.0 = Release|Any CPU
		{6B5A9340-B050-4787-93F4-007BB793900E}.Debug|Any CPU.ActiveCfg = Debug|Any CPU
		{6B5A9340-B050-4787-93F4-007BB793900E}.Debug|Any CPU.Build.0 = Debug|Any CPU
		{6B5A9340-B050-4787-93F4-007BB793900E}.Release|Any CPU.ActiveCfg = Release|Any CPU
		{6B5A9340-B050-4787-93F4-007BB793900E}.Release|Any CPU.Build.0 = Release|Any CPU
		{D8269E29-D280-4DDF-B409-128F095D884E}.Debug|Any CPU.ActiveCfg = Debug|Any CPU
		{D8269E29-D280-4DDF-B409-128F095D884E}.Debug|Any CPU.Build.0 = Debug|Any CPU
		{D8269E29-D280-4DDF-B409-128F095D884E}.Release|Any CPU.ActiveCfg = Release|Any CPU
		{D8269E29-D280-4DDF-B409-128F095D884E}.Release|Any CPU.Build.0 = Release|Any CPU
		{196D5D59-A9E2-4A26-8BD8-C5B1905E9B8D}.Debug|Any CPU.ActiveCfg = Debug|Any CPU
		{196D5D59-A9E2-4A26-8BD8-C5B1905E9B8D}.Debug|Any CPU.Build.0 = Debug|Any CPU
		{196D5D59-A9E2-4A26-8BD8-C5B1905E9B8D}.Release|Any CPU.ActiveCfg = Release|Any CPU
		{196D5D59-A9E2-4A26-8BD8-C5B1905E9B8D}.Release|Any CPU.Build.0 = Release|Any CPU
	EndGlobalSection
	GlobalSection(SolutionProperties) = preSolution
		HideSolutionNode = FALSE
	EndGlobalSection
	GlobalSection(ExtensibilityGlobals) = postSolution
		SolutionGuid = {03FC4ADD-3A6B-4F04-B3D7-0CD1ACF31021}
	EndGlobalSection
EndGlobal
